
Microsoft Visual Studio Solution File, Format Version 12.00
# Visual Studio Version 17
VisualStudioVersion = 17.12.35527.113 d17.12
MinimumVisualStudioVersion = 10.0.40219.1
Project("{FAE04EC0-301F-11D3-BF4B-00C04F79EFBC}") = "Yako.UI", "Yako\Yako.UI.csproj", "{394FB123-E0CF-4596-AD83-84D14A00A581}"
EndProject
Project("{FAE04EC0-301F-11D3-BF4B-00C04F79EFBC}") = "Yako.Infrastructure", "Yako.Infrastructure\Yako.Infrastructure.csproj", "{9221418A-95C9-4AC7-B8C4-711DA52879E7}"
EndProject
Global
	GlobalSection(SolutionConfigurationPlatforms) = preSolution
		Debug|Any CPU = Debug|Any CPU
		Release|Any CPU = Release|Any CPU
	EndGlobalSection
	GlobalSection(ProjectConfigurationPlatforms) = postSolution
		{394FB123-E0CF-4596-AD83-84D14A00A581}.Debug|Any CPU.ActiveCfg = Debug|Any CPU
		{394FB123-E0CF-4596-AD83-84D14A00A581}.Debug|Any CPU.Build.0 = Debug|Any CPU
		{394FB123-E0CF-4596-AD83-84D14A00A581}.Release|Any CPU.ActiveCfg = Release|Any CPU
		{394FB123-E0CF-4596-AD83-84D14A00A581}.Release|Any CPU.Build.0 = Release|Any CPU
		{9221418A-95C9-4AC7-B8C4-711DA52879E7}.Debug|Any CPU.ActiveCfg = Debug|Any CPU
		{9221418A-95C9-4AC7-B8C4-711DA52879E7}.Debug|Any CPU.Build.0 = Debug|Any CPU
		{9221418A-95C9-4AC7-B8C4-711DA52879E7}.Release|Any CPU.ActiveCfg = Release|Any CPU
		{9221418A-95C9-4AC7-B8C4-711DA52879E7}.Release|Any CPU.Build.0 = Release|Any CPU
	EndGlobalSection
	GlobalSection(SolutionProperties) = preSolution
		HideSolutionNode = FALSE
	EndGlobalSection
EndGlobal
